
Microsoft Visual Studio Solution File, Format Version 12.00
# Visual Studio Version 17
VisualStudioVersion = 17.0.32126.317
MinimumVisualStudioVersion = 10.0.40219.1
Project("{FAE04EC0-301F-11D3-BF4B-00C04F79EFBC}") = "prova4", "prova4\prova4.csproj", "{663705FC-0ED6-4616-8AA8-3724B3005EEF}"
EndProject
Global
	GlobalSection(SolutionConfigurationPlatforms) = preSolution
		Debug|Any CPU = Debug|Any CPU
		Release|Any CPU = Release|Any CPU
	EndGlobalSection
	GlobalSection(ProjectConfigurationPlatforms) = postSolution
		{663705FC-0ED6-4616-8AA8-3724B3005EEF}.Debug|Any CPU.ActiveCfg = Debug|Any CPU
		{663705FC-0ED6-4616-8AA8-3724B3005EEF}.Debug|Any CPU.Build.0 = Debug|Any CPU
		{663705FC-0ED6-4616-8AA8-3724B3005EEF}.Release|Any CPU.ActiveCfg = Release|Any CPU
		{663705FC-0ED6-4616-8AA8-3724B3005EEF}.Release|Any CPU.Build.0 = Release|Any CPU
	EndGlobalSection
	GlobalSection(SolutionProperties) = preSolution
		HideSolutionNode = FALSE
	EndGlobalSection
	GlobalSection(ExtensibilityGlobals) = postSolution
		SolutionGuid = {EAD0AE70-9720-4B2A-96B8-AB1DB6B9E716}
	EndGlobalSection
EndGlobal
